// !$*UTF8*$!
{
	archiveVersion = 1;
	classes = {
	};
	objectVersion = 55;
	objects = {

/* Begin PBXBuildFile section */
		559DD72C2823C92A0033389F /* AppDelegate.swift in Sources */ = {isa = PBXBuildFile; fileRef = 559DD72B2823C92A0033389F /* AppDelegate.swift */; };
		559DD72E2823C92A0033389F /* SceneDelegate.swift in Sources */ = {isa = PBXBuildFile; fileRef = 559DD72D2823C92A0033389F /* SceneDelegate.swift */; };
		559DD7302823C92A0033389F /* ViewController.swift in Sources */ = {isa = PBXBuildFile; fileRef = 559DD72F2823C92A0033389F /* ViewController.swift */; };
		559DD7332823C92A0033389F /* Main.storyboard in Resources */ = {isa = PBXBuildFile; fileRef = 559DD7312823C92A0033389F /* Main.storyboard */; };
		559DD7352823C92C0033389F /* Assets.xcassets in Resources */ = {isa = PBXBuildFile; fileRef = 559DD7342823C92C0033389F /* Assets.xcassets */; };
		559DD7382823C92C0033389F /* LaunchScreen.storyboard in Resources */ = {isa = PBXBuildFile; fileRef = 559DD7362823C92C0033389F /* LaunchScreen.storyboard */; };
		559DD7402823CBD60033389F /* ImageViewController.swift in Sources */ = {isa = PBXBuildFile; fileRef = 559DD73F2823CBD60033389F /* ImageViewController.swift */; };
		559DD7442824F2C20033389F /* ShowViewController.swift in Sources */ = {isa = PBXBuildFile; fileRef = 559DD7432824F2C20033389F /* ShowViewController.swift */; };
		559DD74B2824FBB20033389F /* Course.swift in Sources */ = {isa = PBXBuildFile; fileRef = 559DD74A2824FBB20033389F /* Course.swift */; };
		559DD74D28250F850033389F /* WebSiteDescription.swift in Sources */ = {isa = PBXBuildFile; fileRef = 559DD74C28250F850033389F /* WebSiteDescription.swift */; };
/* End PBXBuildFile section */

/* Begin PBXFileReference section */
		559DD7282823C92A0033389F /* GetPostPractice.app */ = {isa = PBXFileReference; explicitFileType = wrapper.application; includeInIndex = 0; path = GetPostPractice.app; sourceTree = BUILT_PRODUCTS_DIR; };
		559DD72B2823C92A0033389F /* AppDelegate.swift */ = {isa = PBXFileReference; lastKnownFileType = sourcecode.swift; path = AppDelegate.swift; sourceTree = "<group>"; };
		559DD72D2823C92A0033389F /* SceneDelegate.swift */ = {isa = PBXFileReference; lastKnownFileType = sourcecode.swift; path = SceneDelegate.swift; sourceTree = "<group>"; };
		559DD72F2823C92A0033389F /* ViewController.swift */ = {isa = PBXFileReference; lastKnownFileType = sourcecode.swift; path = ViewController.swift; sourceTree = "<group>"; };
		559DD7322823C92A0033389F /* Base */ = {isa = PBXFileReference; lastKnownFileType = file.storyboard; name = Base; path = Base.lproj/Main.storyboard; sourceTree = "<group>"; };
		559DD7342823C92C0033389F /* Assets.xcassets */ = {isa = PBXFileReference; lastKnownFileType = folder.assetcatalog; path = Assets.xcassets; sourceTree = "<group>"; };
		559DD7372823C92C0033389F /* Base */ = {isa = PBXFileReference; lastKnownFileType = file.storyboard; name = Base; path = Base.lproj/LaunchScreen.storyboard; sourceTree = "<group>"; };
		559DD7392823C92C0033389F /* Info.plist */ = {isa = PBXFileReference; lastKnownFileType = text.plist.xml; path = Info.plist; sourceTree = "<group>"; };
		559DD73F2823CBD60033389F /* ImageViewController.swift */ = {isa = PBXFileReference; lastKnownFileType = sourcecode.swift; path = ImageViewController.swift; sourceTree = "<group>"; };
		559DD7432824F2C20033389F /* ShowViewController.swift */ = {isa = PBXFileReference; lastKnownFileType = sourcecode.swift; path = ShowViewController.swift; sourceTree = "<group>"; };
		559DD74A2824FBB20033389F /* Course.swift */ = {isa = PBXFileReference; lastKnownFileType = sourcecode.swift; path = Course.swift; sourceTree = "<group>"; };
		559DD74C28250F850033389F /* WebSiteDescription.swift */ = {isa = PBXFileReference; lastKnownFileType = sourcecode.swift; path = WebSiteDescription.swift; sourceTree = "<group>"; };
/* End PBXFileReference section */

/* Begin PBXFrameworksBuildPhase section */
		559DD7252823C92A0033389F /* Frameworks */ = {
			isa = PBXFrameworksBuildPhase;
			buildActionMask = 2147483647;
			files = (
			);
			runOnlyForDeploymentPostprocessing = 0;
		};
/* End PBXFrameworksBuildPhase section */

/* Begin PBXGroup section */
		559DD71F2823C92A0033389F = {
			isa = PBXGroup;
			children = (
				559DD72A2823C92A0033389F /* GetPostPractice */,
				559DD7292823C92A0033389F /* Products */,
			);
			sourceTree = "<group>";
		};
		559DD7292823C92A0033389F /* Products */ = {
			isa = PBXGroup;
			children = (
				559DD7282823C92A0033389F /* GetPostPractice.app */,
			);
			name = Products;
			sourceTree = "<group>";
		};
		559DD72A2823C92A0033389F /* GetPostPractice */ = {
			isa = PBXGroup;
			children = (
				559DD7492824FAF30033389F /* Model */,
				559DD7482824FAED0033389F /* View */,
				559DD7472824FAD90033389F /* Controller */,
				559DD7312823C92A0033389F /* Main.storyboard */,
				559DD7342823C92C0033389F /* Assets.xcassets */,
				559DD7362823C92C0033389F /* LaunchScreen.storyboard */,
				559DD7392823C92C0033389F /* Info.plist */,
			);
			path = GetPostPractice;
			sourceTree = "<group>";
		};
		559DD7472824FAD90033389F /* Controller */ = {
			isa = PBXGroup;
			children = (
				559DD7432824F2C20033389F /* ShowViewController.swift */,
				559DD73F2823CBD60033389F /* ImageViewController.swift */,
				559DD72F2823C92A0033389F /* ViewController.swift */,
			);
			path = Controller;
			sourceTree = "<group>";
		};
		559DD7482824FAED0033389F /* View */ = {
			isa = PBXGroup;
			children = (
			);
			path = View;
			sourceTree = "<group>";
		};
		559DD7492824FAF30033389F /* Model */ = {
			isa = PBXGroup;
			children = (
				559DD72B2823C92A0033389F /* AppDelegate.swift */,
				559DD72D2823C92A0033389F /* SceneDelegate.swift */,
				559DD74A2824FBB20033389F /* Course.swift */,
				559DD74C28250F850033389F /* WebSiteDescription.swift */,
			);
			path = Model;
			sourceTree = "<group>";
		};
/* End PBXGroup section */

/* Begin PBXNativeTarget section */
		559DD7272823C92A0033389F /* GetPostPractice */ = {
			isa = PBXNativeTarget;
			buildConfigurationList = 559DD73C2823C92C0033389F /* Build configuration list for PBXNativeTarget "GetPostPractice" */;
			buildPhases = (
				559DD7242823C92A0033389F /* Sources */,
				559DD7252823C92A0033389F /* Frameworks */,
				559DD7262823C92A0033389F /* Resources */,
			);
			buildRules = (
			);
			dependencies = (
			);
			name = GetPostPractice;
			productName = GetPostPractice;
			productReference = 559DD7282823C92A0033389F /* GetPostPractice.app */;
			productType = "com.apple.product-type.application";
		};
/* End PBXNativeTarget section */

/* Begin PBXProject section */
		559DD7202823C92A0033389F /* Project object */ = {
			isa = PBXProject;
			attributes = {
				BuildIndependentTargetsInParallel = 1;
				LastSwiftUpdateCheck = 1320;
				LastUpgradeCheck = 1320;
				TargetAttributes = {
					559DD7272823C92A0033389F = {
						CreatedOnToolsVersion = 13.2.1;
					};
				};
			};
			buildConfigurationList = 559DD7232823C92A0033389F /* Build configuration list for PBXProject "GetPostPractice" */;
			compatibilityVersion = "Xcode 13.0";
			developmentRegion = en;
			hasScannedForEncodings = 0;
			knownRegions = (
				en,
				Base,
			);
			mainGroup = 559DD71F2823C92A0033389F;
			productRefGroup = 559DD7292823C92A0033389F /* Products */;
			projectDirPath = "";
			projectRoot = "";
			targets = (
				559DD7272823C92A0033389F /* GetPostPractice */,
			);
		};
/* End PBXProject section */

/* Begin PBXResourcesBuildPhase section */
		559DD7262823C92A0033389F /* Resources */ = {
			isa = PBXResourcesBuildPhase;
			buildActionMask = 2147483647;
			files = (
				559DD7382823C92C0033389F /* LaunchScreen.storyboard in Resources */,
				559DD7352823C92C0033389F /* Assets.xcassets in Resources */,
				559DD7332823C92A0033389F /* Main.storyboard in Resources */,
			);
			runOnlyForDeploymentPostprocessing = 0;
		};
/* End PBXResourcesBuildPhase section */

/* Begin PBXSourcesBuildPhase section */
		559DD7242823C92A0033389F /* Sources */ = {
			isa = PBXSourcesBuildPhase;
			buildActionMask = 2147483647;
			files = (
				559DD7442824F2C20033389F /* ShowViewController.swift in Sources */,
				559DD7302823C92A0033389F /* ViewController.swift in Sources */,
				559DD72C2823C92A0033389F /* AppDelegate.swift in Sources */,
				559DD7402823CBD60033389F /* ImageViewController.swift in Sources */,
				559DD74B2824FBB20033389F /* Course.swift in Sources */,
				559DD74D28250F850033389F /* WebSiteDescription.swift in Sources */,
				559DD72E2823C92A0033389F /* SceneDelegate.swift in Sources */,
			);
			runOnlyForDeploymentPostprocessing = 0;
		};
/* End PBXSourcesBuildPhase section */

/* Begin PBXVariantGroup section */
		559DD7312823C92A0033389F /* Main.storyboard */ = {
			isa = PBXVariantGroup;
			children = (
				559DD7322823C92A0033389F /* Base */,
			);
			name = Main.storyboard;
			sourceTree = "<group>";
		};
		559DD7362823C92C0033389F /* LaunchScreen.storyboard */ = {
			isa = PBXVariantGroup;
			children = (
				559DD7372823C92C0033389F /* Base */,
			);
			name = LaunchScreen.storyboard;
			sourceTree = "<group>";
		};
/* End PBXVariantGroup section */

/* Begin XCBuildConfiguration section */
		559DD73A2823C92C0033389F /* Debug */ = {
			isa = XCBuildConfiguration;
			buildSettings = {
				ALWAYS_SEARCH_USER_PATHS = NO;
				CLANG_ANALYZER_NONNULL = YES;
				CLANG_ANALYZER_NUMBER_OBJECT_CONVERSION = YES_AGGRESSIVE;
				CLANG_CXX_LANGUAGE_STANDARD = "gnu++17";
				CLANG_CXX_LIBRARY = "libc++";
				CLANG_ENABLE_MODULES = YES;
				CLANG_ENABLE_OBJC_ARC = YES;
				CLANG_ENABLE_OBJC_WEAK = YES;
				CLANG_WARN_BLOCK_CAPTURE_AUTORELEASING = YES;
				CLANG_WARN_BOOL_CONVERSION = YES;
				CLANG_WARN_COMMA = YES;
				CLANG_WARN_CONSTANT_CONVERSION = YES;
				CLANG_WARN_DEPRECATED_OBJC_IMPLEMENTATIONS = YES;
				CLANG_WARN_DIRECT_OBJC_ISA_USAGE = YES_ERROR;
				CLANG_WARN_DOCUMENTATION_COMMENTS = YES;
				CLANG_WARN_EMPTY_BODY = YES;
				CLANG_WARN_ENUM_CONVERSION = YES;
				CLANG_WARN_INFINITE_RECURSION = YES;
				CLANG_WARN_INT_CONVERSION = YES;
				CLANG_WARN_NON_LITERAL_NULL_CONVERSION = YES;
				CLANG_WARN_OBJC_IMPLICIT_RETAIN_SELF = YES;
				CLANG_WARN_OBJC_LITERAL_CONVERSION = YES;
				CLANG_WARN_OBJC_ROOT_CLASS = YES_ERROR;
				CLANG_WARN_QUOTED_INCLUDE_IN_FRAMEWORK_HEADER = YES;
				CLANG_WARN_RANGE_LOOP_ANALYSIS = YES;
				CLANG_WARN_STRICT_PROTOTYPES = YES;
				CLANG_WARN_SUSPICIOUS_MOVE = YES;
				CLANG_WARN_UNGUARDED_AVAILABILITY = YES_AGGRESSIVE;
				CLANG_WARN_UNREACHABLE_CODE = YES;
				CLANG_WARN__DUPLICATE_METHOD_MATCH = YES;
				COPY_PHASE_STRIP = NO;
				DEBUG_INFORMATION_FORMAT = dwarf;
				ENABLE_STRICT_OBJC_MSGSEND = YES;
				ENABLE_TESTABILITY = YES;
				GCC_C_LANGUAGE_STANDARD = gnu11;
				GCC_DYNAMIC_NO_PIC = NO;
				GCC_NO_COMMON_BLOCKS = YES;
				GCC_OPTIMIZATION_LEVEL = 0;
				GCC_PREPROCESSOR_DEFINITIONS = (
					"DEBUG=1",
					"$(inherited)",
				);
				GCC_WARN_64_TO_32_BIT_CONVERSION = YES;
				GCC_WARN_ABOUT_RETURN_TYPE = YES_ERROR;
				GCC_WARN_UNDECLARED_SELECTOR = YES;
				GCC_WARN_UNINITIALIZED_AUTOS = YES_AGGRESSIVE;
				GCC_WARN_UNUSED_FUNCTION = YES;
				GCC_WARN_UNUSED_VARIABLE = YES;
				IPHONEOS_DEPLOYMENT_TARGET = 15.2;
				MTL_ENABLE_DEBUG_INFO = INCLUDE_SOURCE;
				MTL_FAST_MATH = YES;
				ONLY_ACTIVE_ARCH = YES;
				SDKROOT = iphoneos;
				SWIFT_ACTIVE_COMPILATION_CONDITIONS = DEBUG;
				SWIFT_OPTIMIZATION_LEVEL = "-Onone";
			};
			name = Debug;
		};
		559DD73B2823C92C0033389F /* Release */ = {
			isa = XCBuildConfiguration;
			buildSettings = {
				ALWAYS_SEARCH_USER_PATHS = NO;
				CLANG_ANALYZER_NONNULL = YES;
				CLANG_ANALYZER_NUMBER_OBJECT_CONVERSION = YES_AGGRESSIVE;
				CLANG_CXX_LANGUAGE_STANDARD = "gnu++17";
				CLANG_CXX_LIBRARY = "libc++";
				CLANG_ENABLE_MODULES = YES;
				CLANG_ENABLE_OBJC_ARC = YES;
				CLANG_ENABLE_OBJC_WEAK = YES;
				CLANG_WARN_BLOCK_CAPTURE_AUTORELEASING = YES;
				CLANG_WARN_BOOL_CONVERSION = YES;
				CLANG_WARN_COMMA = YES;
				CLANG_WARN_CONSTANT_CONVERSION = YES;
				CLANG_WARN_DEPRECATED_OBJC_IMPLEMENTATIONS = YES;
				CLANG_WARN_DIRECT_OBJC_ISA_USAGE = YES_ERROR;
				CLANG_WARN_DOCUMENTATION_COMMENTS = YES;
				CLANG_WARN_EMPTY_BODY = YES;
				CLANG_WARN_ENUM_CONVERSION = YES;
				CLANG_WARN_INFINITE_RECURSION = YES;
				CLANG_WARN_INT_CONVERSION = YES;
				CLANG_WARN_NON_LITERAL_NULL_CONVERSION = YES;
				CLANG_WARN_OBJC_IMPLICIT_RETAIN_SELF = YES;
				CLANG_WARN_OBJC_LITERAL_CONVERSION = YES;
				CLANG_WARN_OBJC_ROOT_CLASS = YES_ERROR;
				CLANG_WARN_QUOTED_INCLUDE_IN_FRAMEWORK_HEADER = YES;
				CLANG_WARN_RANGE_LOOP_ANALYSIS = YES;
				CLANG_WARN_STRICT_PROTOTYPES = YES;
				CLANG_WARN_SUSPICIOUS_MOVE = YES;
				CLANG_WARN_UNGUARDED_AVAILABILITY = YES_AGGRESSIVE;
				CLANG_WARN_UNREACHABLE_CODE = YES;
				CLANG_WARN__DUPLICATE_METHOD_MATCH = YES;
				COPY_PHASE_STRIP = NO;
				DEBUG_INFORMATION_FORMAT = "dwarf-with-dsym";
				ENABLE_NS_ASSERTIONS = NO;
				ENABLE_STRICT_OBJC_MSGSEND = YES;
				GCC_C_LANGUAGE_STANDARD = gnu11;
				GCC_NO_COMMON_BLOCKS = YES;
				GCC_WARN_64_TO_32_BIT_CONVERSION = YES;
				GCC_WARN_ABOUT_RETURN_TYPE = YES_ERROR;
				GCC_WARN_UNDECLARED_SELECTOR = YES;
				GCC_WARN_UNINITIALIZED_AUTOS = YES_AGGRESSIVE;
				GCC_WARN_UNUSED_FUNCTION = YES;
				GCC_WARN_UNUSED_VARIABLE = YES;
				IPHONEOS_DEPLOYMENT_TARGET = 15.2;
				MTL_ENABLE_DEBUG_INFO = NO;
				MTL_FAST_MATH = YES;
				SDKROOT = iphoneos;
				SWIFT_COMPILATION_MODE = wholemodule;
				SWIFT_OPTIMIZATION_LEVEL = "-O";
				VALIDATE_PRODUCT = YES;
			};
			name = Release;
		};
		559DD73D2823C92C0033389F /* Debug */ = {
			isa = XCBuildConfiguration;
			buildSettings = {
				ASSETCATALOG_COMPILER_APPICON_NAME = AppIcon;
				ASSETCATALOG_COMPILER_GLOBAL_ACCENT_COLOR_NAME = AccentColor;
				CODE_SIGN_STYLE = Automatic;
				CURRENT_PROJECT_VERSION = 1;
				GENERATE_INFOPLIST_FILE = YES;
				INFOPLIST_FILE = GetPostPractice/Info.plist;
				INFOPLIST_KEY_UIApplicationSupportsIndirectInputEvents = YES;
				INFOPLIST_KEY_UILaunchStoryboardName = LaunchScreen;
				INFOPLIST_KEY_UIMainStoryboardFile = Main;
				INFOPLIST_KEY_UISupportedInterfaceOrientations_iPad = "UIInterfaceOrientationPortrait UIInterfaceOrientationPortraitUpsideDown UIInterfaceOrientationLandscapeLeft UIInterfaceOrientationLandscapeRight";
				INFOPLIST_KEY_UISupportedInterfaceOrientations_iPhone = "UIInterfaceOrientationPortrait UIInterfaceOrientationLandscapeLeft UIInterfaceOrientationLandscapeRight";
				LD_RUNPATH_SEARCH_PATHS = (
					"$(inherited)",
					"@executable_path/Frameworks",
				);
				MARKETING_VERSION = 1.0;
				PRODUCT_BUNDLE_IDENTIFIER = "-000-.GetPostPractice";
				PRODUCT_NAME = "$(TARGET_NAME)";
				SWIFT_EMIT_LOC_STRINGS = YES;
				SWIFT_VERSION = 5.0;
				TARGETED_DEVICE_FAMILY = "1,2";
			};
			name = Debug;
		};
		559DD73E2823C92C0033389F /* Release */ = {
			isa = XCBuildConfiguration;
			buildSettings = {
				ASSETCATALOG_COMPILER_APPICON_NAME = AppIcon;
				ASSETCATALOG_COMPILER_GLOBAL_ACCENT_COLOR_NAME = AccentColor;
				CODE_SIGN_STYLE = Automatic;
				CURRENT_PROJECT_VERSION = 1;
				GENERATE_INFOPLIST_FILE = YES;
				INFOPLIST_FILE = GetPostPractice/Info.plist;
				INFOPLIST_KEY_UIApplicationSupportsIndirectInputEvents = YES;
				INFOPLIST_KEY_UILaunchStoryboardName = LaunchScreen;
				INFOPLIST_KEY_UIMainStoryboardFile = Main;
				INFOPLIST_KEY_UISupportedInterfaceOrientations_iPad = "UIInterfaceOrientationPortrait UIInterfaceOrientationPortraitUpsideDown UIInterfaceOrientationLandscapeLeft UIInterfaceOrientationLandscapeRight";
				INFOPLIST_KEY_UISupportedInterfaceOrientations_iPhone = "UIInterfaceOrientationPortrait UIInterfaceOrientationLandscapeLeft UIInterfaceOrientationLandscapeRight";
				LD_RUNPATH_SEARCH_PATHS = (
					"$(inherited)",
					"@executable_path/Frameworks",
				);
				MARKETING_VERSION = 1.0;
				PRODUCT_BUNDLE_IDENTIFIER = "-000-.GetPostPractice";
				PRODUCT_NAME = "$(TARGET_NAME)";
				SWIFT_EMIT_LOC_STRINGS = YES;
				SWIFT_VERSION = 5.0;
				TARGETED_DEVICE_FAMILY = "1,2";
			};
			name = Release;
		};
/* End XCBuildConfiguration section */

/* Begin XCConfigurationList section */
		559DD7232823C92A0033389F /* Build configuration list for PBXProject "GetPostPractice" */ = {
			isa = XCConfigurationList;
			buildConfigurations = (
				559DD73A2823C92C0033389F /* Debug */,
				559DD73B2823C92C0033389F /* Release */,
			);
			defaultConfigurationIsVisible = 0;
			defaultConfigurationName = Release;
		};
		559DD73C2823C92C0033389F /* Build configuration list for PBXNativeTarget "GetPostPractice" */ = {
			isa = XCConfigurationList;
			buildConfigurations = (
				559DD73D2823C92C0033389F /* Debug */,
				559DD73E2823C92C0033389F /* Release */,
			);
			defaultConfigurationIsVisible = 0;
			defaultConfigurationName = Release;
		};
/* End XCConfigurationList section */
	};
	rootObject = 559DD7202823C92A0033389F /* Project object */;
}
